
Microsoft Visual Studio Solution File, Format Version 12.00
# Visual Studio Version 17
VisualStudioVersion = 17.14.37203.1 d17.14
MinimumVisualStudioVersion = 10.0.40219.1
Project("{FAE04EC0-301F-11D3-BF4B-00C04F79EFBC}") = "AdvancedAirAPI", "AdvancedAirAPI\AdvancedAirAPI.csproj", "{AFDB5FCC-4143-48F0-80FD-89605393F720}"
EndProject
Global
	GlobalSection(SolutionConfigurationPlatforms) = preSolution
		Debug|Any CPU = Debug|Any CPU
		Release|Any CPU = Release|Any CPU
	EndGlobalSection
	GlobalSection(ProjectConfigurationPlatforms) = postSolution
		{AFDB5FCC-4143-48F0-80FD-89605393F720}.Debug|Any CPU.ActiveCfg = Debug|Any CPU
		{AFDB5FCC-4143-48F0-80FD-89605393F720}.Debug|Any CPU.Build.0 = Debug|Any CPU
		{AFDB5FCC-4143-48F0-80FD-89605393F720}.Release|Any CPU.ActiveCfg = Release|Any CPU
		{AFDB5FCC-4143-48F0-80FD-89605393F720}.Release|Any CPU.Build.0 = Release|Any CPU
	EndGlobalSection
	GlobalSection(SolutionProperties) = preSolution
		HideSolutionNode = FALSE
	EndGlobalSection
	GlobalSection(ExtensibilityGlobals) = postSolution
		SolutionGuid = {11F4A9EF-54C0-43A4-B6C8-75785E33592A}
	EndGlobalSection
EndGlobal
